
Microsoft Visual Studio Solution File, Format Version 12.00
# Visual Studio Version 16
VisualStudioVersion = 16.0.31613.86
MinimumVisualStudioVersion = 10.0.40219.1
Project("{FAE04EC0-301F-11D3-BF4B-00C04F79EFBC}") = "APIPortaria", "APIPortaria.csproj", "{B66745B6-3D17-4361-9651-10E39F913CAE}"
EndProject
Global
	GlobalSection(SolutionConfigurationPlatforms) = preSolution
		Debug|Any CPU = Debug|Any CPU
		Release|Any CPU = Release|Any CPU
	EndGlobalSection
	GlobalSection(ProjectConfigurationPlatforms) = postSolution
		{B66745B6-3D17-4361-9651-10E39F913CAE}.Debug|Any CPU.ActiveCfg = Debug|Any CPU
		{B66745B6-3D17-4361-9651-10E39F913CAE}.Debug|Any CPU.Build.0 = Debug|Any CPU
		{B66745B6-3D17-4361-9651-10E39F913CAE}.Release|Any CPU.ActiveCfg = Release|Any CPU
		{B66745B6-3D17-4361-9651-10E39F913CAE}.Release|Any CPU.Build.0 = Release|Any CPU
	EndGlobalSection
	GlobalSection(SolutionProperties) = preSolution
		HideSolutionNode = FALSE
	EndGlobalSection
	GlobalSection(ExtensibilityGlobals) = postSolution
		SolutionGuid = {30201D13-C6A6-47F1-A297-806904825B77}
	EndGlobalSection
EndGlobal
